
Microsoft Visual Studio Solution File, Format Version 12.00
# Visual Studio Version 16
VisualStudioVersion = 16.0.31105.61
MinimumVisualStudioVersion = 10.0.40219.1
Project("{9A19103F-16F7-4668-BE54-9A1E7A4F7556}") = "BotApp.WhatsappApi", "BotApp.WhatsappApi.csproj", "{BC269FEA-A4FA-4DF2-9231-D2700D821297}"
EndProject
Project("{9A19103F-16F7-4668-BE54-9A1E7A4F7556}") = "BotApp.DataAccess", "..\BotApp.DataAccess\BotApp.DataAccess.csproj", "{5062EB9E-681E-412A-874C-B6508EC61E11}"
EndProject
Project("{9A19103F-16F7-4668-BE54-9A1E7A4F7556}") = "BotApp.Domain", "..\BotApp.Domain\BotApp.Domain.csproj", "{129DF1B2-A323-4FA4-93BD-F5DBEE4BB5FF}"
EndProject
Project("{FAE04EC0-301F-11D3-BF4B-00C04F79EFBC}") = "BotApp.Service", "..\BotApp.Service\BotApp.Service.csproj", "{A43BF96D-F37B-493C-8DE6-600957422F33}"
EndProject
Global
	GlobalSection(SolutionConfigurationPlatforms) = preSolution
		Debug|Any CPU = Debug|Any CPU
		Release|Any CPU = Release|Any CPU
	EndGlobalSection
	GlobalSection(ProjectConfigurationPlatforms) = postSolution
		{BC269FEA-A4FA-4DF2-9231-D2700D821297}.Debug|Any CPU.ActiveCfg = Debug|Any CPU
		{BC269FEA-A4FA-4DF2-9231-D2700D821297}.Debug|Any CPU.Build.0 = Debug|Any CPU
		{BC269FEA-A4FA-4DF2-9231-D2700D821297}.Release|Any CPU.ActiveCfg = Release|Any CPU
		{BC269FEA-A4FA-4DF2-9231-D2700D821297}.Release|Any CPU.Build.0 = Release|Any CPU
		{5062EB9E-681E-412A-874C-B6508EC61E11}.Debug|Any CPU.ActiveCfg = Debug|Any CPU
		{5062EB9E-681E-412A-874C-B6508EC61E11}.Debug|Any CPU.Build.0 = Debug|Any CPU
		{5062EB9E-681E-412A-874C-B6508EC61E11}.Release|Any CPU.ActiveCfg = Release|Any CPU
		{5062EB9E-681E-412A-874C-B6508EC61E11}.Release|Any CPU.Build.0 = Release|Any CPU
		{129DF1B2-A323-4FA4-93BD-F5DBEE4BB5FF}.Debug|Any CPU.ActiveCfg = Debug|Any CPU
		{129DF1B2-A323-4FA4-93BD-F5DBEE4BB5FF}.Debug|Any CPU.Build.0 = Debug|Any CPU
		{129DF1B2-A323-4FA4-93BD-F5DBEE4BB5FF}.Release|Any CPU.ActiveCfg = Release|Any CPU
		{129DF1B2-A323-4FA4-93BD-F5DBEE4BB5FF}.Release|Any CPU.Build.0 = Release|Any CPU
		{A43BF96D-F37B-493C-8DE6-600957422F33}.Debug|Any CPU.ActiveCfg = Debug|Any CPU
		{A43BF96D-F37B-493C-8DE6-600957422F33}.Debug|Any CPU.Build.0 = Debug|Any CPU
		{A43BF96D-F37B-493C-8DE6-600957422F33}.Release|Any CPU.ActiveCfg = Release|Any CPU
		{A43BF96D-F37B-493C-8DE6-600957422F33}.Release|Any CPU.Build.0 = Release|Any CPU
	EndGlobalSection
	GlobalSection(SolutionProperties) = preSolution
		HideSolutionNode = FALSE
	EndGlobalSection
	GlobalSection(ExtensibilityGlobals) = postSolution
		SolutionGuid = {25F3B29F-94CD-4216-AAE1-4DF5462B9A4F}
	EndGlobalSection
EndGlobal
